
Microsoft Visual Studio Solution File, Format Version 12.00
# Visual Studio Version 17
VisualStudioVersion = 17.6.33723.286
MinimumVisualStudioVersion = 10.0.40219.1
Project("{FAE04EC0-301F-11D3-BF4B-00C04F79EFBC}") = "q_api", "q_api\q_api.csproj", "{A745089F-BDED-431D-9EE9-13C4BFE92271}"
EndProject
Project("{00D1A9C2-B5F0-4AF3-8072-F6C62B433612}") = "d_database", "d_database\d_database.sqlproj", "{26B9AAD9-85E6-415E-B1F7-9324BC44DE77}"
EndProject
Global
	GlobalSection(SolutionConfigurationPlatforms) = preSolution
		Debug|Any CPU = Debug|Any CPU
		Release|Any CPU = Release|Any CPU
	EndGlobalSection
	GlobalSection(ProjectConfigurationPlatforms) = postSolution
		{A745089F-BDED-431D-9EE9-13C4BFE92271}.Debug|Any CPU.ActiveCfg = Debug|Any CPU
		{A745089F-BDED-431D-9EE9-13C4BFE92271}.Debug|Any CPU.Build.0 = Debug|Any CPU
		{A745089F-BDED-431D-9EE9-13C4BFE92271}.Release|Any CPU.ActiveCfg = Release|Any CPU
		{A745089F-BDED-431D-9EE9-13C4BFE92271}.Release|Any CPU.Build.0 = Release|Any CPU
		{26B9AAD9-85E6-415E-B1F7-9324BC44DE77}.Debug|Any CPU.ActiveCfg = Debug|Any CPU
		{26B9AAD9-85E6-415E-B1F7-9324BC44DE77}.Debug|Any CPU.Build.0 = Debug|Any CPU
		{26B9AAD9-85E6-415E-B1F7-9324BC44DE77}.Debug|Any CPU.Deploy.0 = Debug|Any CPU
		{26B9AAD9-85E6-415E-B1F7-9324BC44DE77}.Release|Any CPU.ActiveCfg = Release|Any CPU
		{26B9AAD9-85E6-415E-B1F7-9324BC44DE77}.Release|Any CPU.Build.0 = Release|Any CPU
		{26B9AAD9-85E6-415E-B1F7-9324BC44DE77}.Release|Any CPU.Deploy.0 = Release|Any CPU
	EndGlobalSection
	GlobalSection(SolutionProperties) = preSolution
		HideSolutionNode = FALSE
	EndGlobalSection
	GlobalSection(ExtensibilityGlobals) = postSolution
		SolutionGuid = {E11A79FB-1E57-4797-89E6-B6EF464764E8}
	EndGlobalSection
EndGlobal
